
Microsoft Visual Studio Solution File, Format Version 12.00
# Visual Studio Version 16
VisualStudioVersion = 16.0.29519.181
MinimumVisualStudioVersion = 10.0.40219.1
Project("{FAE04EC0-301F-11D3-BF4B-00C04F79EFBC}") = "HelpDeskManagement", "HelpDeskManagement\HelpDeskManagement.csproj", "{C86D9FB2-787A-471E-A1BE-B8BB11107D86}"
EndProject
Global
	GlobalSection(SolutionConfigurationPlatforms) = preSolution
		Debug|Any CPU = Debug|Any CPU
		Release|Any CPU = Release|Any CPU
	EndGlobalSection
	GlobalSection(ProjectConfigurationPlatforms) = postSolution
		{C86D9FB2-787A-471E-A1BE-B8BB11107D86}.Debug|Any CPU.ActiveCfg = Debug|Any CPU
		{C86D9FB2-787A-471E-A1BE-B8BB11107D86}.Debug|Any CPU.Build.0 = Debug|Any CPU
		{C86D9FB2-787A-471E-A1BE-B8BB11107D86}.Release|Any CPU.ActiveCfg = Release|Any CPU
		{C86D9FB2-787A-471E-A1BE-B8BB11107D86}.Release|Any CPU.Build.0 = Release|Any CPU
	EndGlobalSection
	GlobalSection(SolutionProperties) = preSolution
		HideSolutionNode = FALSE
	EndGlobalSection
	GlobalSection(ExtensibilityGlobals) = postSolution
		SolutionGuid = {A5D577F5-6C10-485F-B872-AB9E2CD44365}
	EndGlobalSection
EndGlobal
